// !$*UTF8*$!
{
	archiveVersion = 1;
	classes = {
	};
	objectVersion = 46;
	objects = {

/* Begin PBXBuildFile section */
		B4F11F45F6761A0C11FBC972 /* Pods_ParseLab.framework in Frameworks */ = {isa = PBXBuildFile; fileRef = D05D206B706BDBAD3263F7A5 /* Pods_ParseLab.framework */; };
		BE2958FC1E5E7F86005C58F0 /* AppDelegate.swift in Sources */ = {isa = PBXBuildFile; fileRef = BE2958FB1E5E7F86005C58F0 /* AppDelegate.swift */; };
		BE2959011E5E7F86005C58F0 /* Main.storyboard in Resources */ = {isa = PBXBuildFile; fileRef = BE2958FF1E5E7F86005C58F0 /* Main.storyboard */; };
		BE2959031E5E7F86005C58F0 /* Assets.xcassets in Resources */ = {isa = PBXBuildFile; fileRef = BE2959021E5E7F86005C58F0 /* Assets.xcassets */; };
		BE2959061E5E7F86005C58F0 /* LaunchScreen.storyboard in Resources */ = {isa = PBXBuildFile; fileRef = BE2959041E5E7F86005C58F0 /* LaunchScreen.storyboard */; };
		BE9A11461E669ECB0032EAB5 /* LoginViewController.swift in Sources */ = {isa = PBXBuildFile; fileRef = BE9A11451E669ECB0032EAB5 /* LoginViewController.swift */; };
/* End PBXBuildFile section */

/* Begin PBXFileReference section */
		0DB171E077BAD6EFCBA90E85 /* Pods-ParseLab.release.xcconfig */ = {isa = PBXFileReference; includeInIndex = 1; lastKnownFileType = text.xcconfig; name = "Pods-ParseLab.release.xcconfig"; path = "Pods/Target Support Files/Pods-ParseLab/Pods-ParseLab.release.xcconfig"; sourceTree = "<group>"; };
		A432C707FE3486B0FA21581E /* Pods-ParseLab.debug.xcconfig */ = {isa = PBXFileReference; includeInIndex = 1; lastKnownFileType = text.xcconfig; name = "Pods-ParseLab.debug.xcconfig"; path = "Pods/Target Support Files/Pods-ParseLab/Pods-ParseLab.debug.xcconfig"; sourceTree = "<group>"; };
		BE2958F81E5E7F86005C58F0 /* ParseLab.app */ = {isa = PBXFileReference; explicitFileType = wrapper.application; includeInIndex = 0; path = ParseLab.app; sourceTree = BUILT_PRODUCTS_DIR; };
		BE2958FB1E5E7F86005C58F0 /* AppDelegate.swift */ = {isa = PBXFileReference; lastKnownFileType = sourcecode.swift; path = AppDelegate.swift; sourceTree = "<group>"; };
		BE2959001E5E7F86005C58F0 /* Base */ = {isa = PBXFileReference; lastKnownFileType = file.storyboard; name = Base; path = Base.lproj/Main.storyboard; sourceTree = "<group>"; };
		BE2959021E5E7F86005C58F0 /* Assets.xcassets */ = {isa = PBXFileReference; lastKnownFileType = folder.assetcatalog; path = Assets.xcassets; sourceTree = "<group>"; };
		BE2959051E5E7F86005C58F0 /* Base */ = {isa = PBXFileReference; lastKnownFileType = file.storyboard; name = Base; path = Base.lproj/LaunchScreen.storyboard; sourceTree = "<group>"; };
		BE2959071E5E7F86005C58F0 /* Info.plist */ = {isa = PBXFileReference; lastKnownFileType = text.plist.xml; path = Info.plist; sourceTree = "<group>"; };
		BE9A11451E669ECB0032EAB5 /* LoginViewController.swift */ = {isa = PBXFileReference; fileEncoding = 4; lastKnownFileType = sourcecode.swift; path = LoginViewController.swift; sourceTree = "<group>"; };
		D05D206B706BDBAD3263F7A5 /* Pods_ParseLab.framework */ = {isa = PBXFileReference; explicitFileType = wrapper.framework; includeInIndex = 0; path = Pods_ParseLab.framework; sourceTree = BUILT_PRODUCTS_DIR; };
/* End PBXFileReference section */

/* Begin PBXFrameworksBuildPhase section */
		BE2958F51E5E7F86005C58F0 /* Frameworks */ = {
			isa = PBXFrameworksBuildPhase;
			buildActionMask = 2147483647;
			files = (
				B4F11F45F6761A0C11FBC972 /* Pods_ParseLab.framework in Frameworks */,
			);
			runOnlyForDeploymentPostprocessing = 0;
		};
/* End PBXFrameworksBuildPhase section */

/* Begin PBXGroup section */
		9901AD9DA0F3D6630C876642 /* Frameworks */ = {
			isa = PBXGroup;
			children = (
				D05D206B706BDBAD3263F7A5 /* Pods_ParseLab.framework */,
			);
			name = Frameworks;
			sourceTree = "<group>";
		};
		A5B84A41A5825D096710A0E1 /* Pods */ = {
			isa = PBXGroup;
			children = (
				A432C707FE3486B0FA21581E /* Pods-ParseLab.debug.xcconfig */,
				0DB171E077BAD6EFCBA90E85 /* Pods-ParseLab.release.xcconfig */,
			);
			name = Pods;
			sourceTree = "<group>";
		};
		BE2958EF1E5E7F86005C58F0 = {
			isa = PBXGroup;
			children = (
				BE2958FA1E5E7F86005C58F0 /* ParseLab */,
				BE2958F91E5E7F86005C58F0 /* Products */,
				A5B84A41A5825D096710A0E1 /* Pods */,
				9901AD9DA0F3D6630C876642 /* Frameworks */,
			);
			sourceTree = "<group>";
		};
		BE2958F91E5E7F86005C58F0 /* Products */ = {
			isa = PBXGroup;
			children = (
				BE2958F81E5E7F86005C58F0 /* ParseLab.app */,
			);
			name = Products;
			sourceTree = "<group>";
		};
		BE2958FA1E5E7F86005C58F0 /* ParseLab */ = {
			isa = PBXGroup;
			children = (
				BE2958FB1E5E7F86005C58F0 /* AppDelegate.swift */,
				BE9A11451E669ECB0032EAB5 /* LoginViewController.swift */,
				BE2958FF1E5E7F86005C58F0 /* Main.storyboard */,
				BE2959021E5E7F86005C58F0 /* Assets.xcassets */,
				BE2959041E5E7F86005C58F0 /* LaunchScreen.storyboard */,
				BE2959071E5E7F86005C58F0 /* Info.plist */,
			);
			path = ParseLab;
			sourceTree = "<group>";
		};
/* End PBXGroup section */

/* Begin PBXNativeTarget section */
		BE2958F71E5E7F86005C58F0 /* ParseLab */ = {
			isa = PBXNativeTarget;
			buildConfigurationList = BE29590A1E5E7F86005C58F0 /* Build configuration list for PBXNativeTarget "ParseLab" */;
			buildPhases = (
				C4858AAC2059D62FBCDB40C3 /* [CP] Check Pods Manifest.lock */,
				BE2958F41E5E7F86005C58F0 /* Sources */,
				BE2958F51E5E7F86005C58F0 /* Frameworks */,
				BE2958F61E5E7F86005C58F0 /* Resources */,
				BD2A36D6FDBA931C193B3890 /* [CP] Embed Pods Frameworks */,
				F75F227A77B2A9B8C087084E /* [CP] Copy Pods Resources */,
			);
			buildRules = (
			);
			dependencies = (
			);
			name = ParseLab;
			productName = ParseLab;
			productReference = BE2958F81E5E7F86005C58F0 /* ParseLab.app */;
			productType = "com.apple.product-type.application";
		};
/* End PBXNativeTarget section */

/* Begin PBXProject section */
		BE2958F01E5E7F86005C58F0 /* Project object */ = {
			isa = PBXProject;
			attributes = {
				LastSwiftUpdateCheck = 0800;
				LastUpgradeCheck = 0800;
				ORGANIZATIONNAME = HLPostman;
				TargetAttributes = {
					BE2958F71E5E7F86005C58F0 = {
						CreatedOnToolsVersion = 8.0;
						ProvisioningStyle = Automatic;
					};
				};
			};
			buildConfigurationList = BE2958F31E5E7F86005C58F0 /* Build configuration list for PBXProject "ParseLab" */;
			compatibilityVersion = "Xcode 3.2";
			developmentRegion = English;
			hasScannedForEncodings = 0;
			knownRegions = (
				en,
				Base,
			);
			mainGroup = BE2958EF1E5E7F86005C58F0;
			productRefGroup = BE2958F91E5E7F86005C58F0 /* Products */;
			projectDirPath = "";
			projectRoot = "";
			targets = (
				BE2958F71E5E7F86005C58F0 /* ParseLab */,
			);
		};
/* End PBXProject section */

/* Begin PBXResourcesBuildPhase section */
		BE2958F61E5E7F86005C58F0 /* Resources */ = {
			isa = PBXResourcesBuildPhase;
			buildActionMask = 2147483647;
			files = (
				BE2959061E5E7F86005C58F0 /* LaunchScreen.storyboard in Resources */,
				BE2959031E5E7F86005C58F0 /* Assets.xcassets in Resources */,
				BE2959011E5E7F86005C58F0 /* Main.storyboard in Resources */,
			);
			runOnlyForDeploymentPostprocessing = 0;
		};
/* End PBXResourcesBuildPhase section */

/* Begin PBXShellScriptBuildPhase section */
		BD2A36D6FDBA931C193B3890 /* [CP] Embed Pods Frameworks */ = {
			isa = PBXShellScriptBuildPhase;
			buildActionMask = 2147483647;
			files = (
			);
			inputPaths = (
			);
			name = "[CP] Embed Pods Frameworks";
			outputPaths = (
			);
			runOnlyForDeploymentPostprocessing = 0;
			shellPath = /bin/sh;
			shellScript = "\"${SRCROOT}/Pods/Target Support Files/Pods-ParseLab/Pods-ParseLab-frameworks.sh\"\n";
			showEnvVarsInLog = 0;
		};
		C4858AAC2059D62FBCDB40C3 /* [CP] Check Pods Manifest.lock */ = {
			isa = PBXShellScriptBuildPhase;
			buildActionMask = 2147483647;
			files = (
			);
			inputPaths = (
			);
			name = "[CP] Check Pods Manifest.lock";
			outputPaths = (
			);
			runOnlyForDeploymentPostprocessing = 0;
			shellPath = /bin/sh;
			shellScript = "diff \"${PODS_ROOT}/../Podfile.lock\" \"${PODS_ROOT}/Manifest.lock\" > /dev/null\nif [ $? != 0 ] ; then\n    # print error to STDERR\n    echo \"error: The sandbox is not in sync with the Podfile.lock. Run 'pod install' or update your CocoaPods installation.\" >&2\n    exit 1\nfi\n";
			showEnvVarsInLog = 0;
		};
		F75F227A77B2A9B8C087084E /* [CP] Copy Pods Resources */ = {
			isa = PBXShellScriptBuildPhase;
			buildActionMask = 2147483647;
			files = (
			);
			inputPaths = (
			);
			name = "[CP] Copy Pods Resources";
			outputPaths = (
			);
			runOnlyForDeploymentPostprocessing = 0;
			shellPath = /bin/sh;
			shellScript = "\"${SRCROOT}/Pods/Target Support Files/Pods-ParseLab/Pods-ParseLab-resources.sh\"\n";
			showEnvVarsInLog = 0;
		};
/* End PBXShellScriptBuildPhase section */

/* Begin PBXSourcesBuildPhase section */
		BE2958F41E5E7F86005C58F0 /* Sources */ = {
			isa = PBXSourcesBuildPhase;
			buildActionMask = 2147483647;
			files = (
				BE9A11461E669ECB0032EAB5 /* LoginViewController.swift in Sources */,
				BE2958FC1E5E7F86005C58F0 /* AppDelegate.swift in Sources */,
			);
			runOnlyForDeploymentPostprocessing = 0;
		};
/* End PBXSourcesBuildPhase section */

/* Begin PBXVariantGroup section */
		BE2958FF1E5E7F86005C58F0 /* Main.storyboard */ = {
			isa = PBXVariantGroup;
			children = (
				BE2959001E5E7F86005C58F0 /* Base */,
			);
			name = Main.storyboard;
			sourceTree = "<group>";
		};
		BE2959041E5E7F86005C58F0 /* LaunchScreen.storyboard */ = {
			isa = PBXVariantGroup;
			children = (
				BE2959051E5E7F86005C58F0 /* Base */,
			);
			name = LaunchScreen.storyboard;
			sourceTree = "<group>";
		};
/* End PBXVariantGroup section */

/* Begin XCBuildConfiguration section */
		BE2959081E5E7F86005C58F0 /* Debug */ = {
			isa = XCBuildConfiguration;
			buildSettings = {
				ALWAYS_SEARCH_USER_PATHS = NO;
				CLANG_ANALYZER_NONNULL = YES;
				CLANG_CXX_LANGUAGE_STANDARD = "gnu++0x";
				CLANG_CXX_LIBRARY = "libc++";
				CLANG_ENABLE_MODULES = YES;
				CLANG_ENABLE_OBJC_ARC = YES;
				CLANG_WARN_BOOL_CONVERSION = YES;
				CLANG_WARN_CONSTANT_CONVERSION = YES;
				CLANG_WARN_DIRECT_OBJC_ISA_USAGE = YES_ERROR;
				CLANG_WARN_DOCUMENTATION_COMMENTS = YES;
				CLANG_WARN_EMPTY_BODY = YES;
				CLANG_WARN_ENUM_CONVERSION = YES;
				CLANG_WARN_INFINITE_RECURSION = YES;
				CLANG_WARN_INT_CONVERSION = YES;
				CLANG_WARN_OBJC_ROOT_CLASS = YES_ERROR;
				CLANG_WARN_SUSPICIOUS_MOVES = YES;
				CLANG_WARN_UNREACHABLE_CODE = YES;
				CLANG_WARN__DUPLICATE_METHOD_MATCH = YES;
				"CODE_SIGN_IDENTITY[sdk=iphoneos*]" = "iPhone Developer";
				COPY_PHASE_STRIP = NO;
				DEBUG_INFORMATION_FORMAT = dwarf;
				ENABLE_STRICT_OBJC_MSGSEND = YES;
				ENABLE_TESTABILITY = YES;
				GCC_C_LANGUAGE_STANDARD = gnu99;
				GCC_DYNAMIC_NO_PIC = NO;
				GCC_NO_COMMON_BLOCKS = YES;
				GCC_OPTIMIZATION_LEVEL = 0;
				GCC_PREPROCESSOR_DEFINITIONS = (
					"DEBUG=1",
					"$(inherited)",
				);
				GCC_WARN_64_TO_32_BIT_CONVERSION = YES;
				GCC_WARN_ABOUT_RETURN_TYPE = YES_ERROR;
				GCC_WARN_UNDECLARED_SELECTOR = YES;
				GCC_WARN_UNINITIALIZED_AUTOS = YES_AGGRESSIVE;
				GCC_WARN_UNUSED_FUNCTION = YES;
				GCC_WARN_UNUSED_VARIABLE = YES;
				IPHONEOS_DEPLOYMENT_TARGET = 10.0;
				MTL_ENABLE_DEBUG_INFO = YES;
				ONLY_ACTIVE_ARCH = YES;
				SDKROOT = iphoneos;
				SWIFT_ACTIVE_COMPILATION_CONDITIONS = DEBUG;
				SWIFT_OPTIMIZATION_LEVEL = "-Onone";
				TARGETED_DEVICE_FAMILY = "1,2";
			};
			name = Debug;
		};
		BE2959091E5E7F86005C58F0 /* Release */ = {
			isa = XCBuildConfiguration;
			buildSettings = {
				ALWAYS_SEARCH_USER_PATHS = NO;
				CLANG_ANALYZER_NONNULL = YES;
				CLANG_CXX_LANGUAGE_STANDARD = "gnu++0x";
				CLANG_CXX_LIBRARY = "libc++";
				CLANG_ENABLE_MODULES = YES;
				CLANG_ENABLE_OBJC_ARC = YES;
				CLANG_WARN_BOOL_CONVERSION = YES;
				CLANG_WARN_CONSTANT_CONVERSION = YES;
				CLANG_WARN_DIRECT_OBJC_ISA_USAGE = YES_ERROR;
				CLANG_WARN_DOCUMENTATION_COMMENTS = YES;
				CLANG_WARN_EMPTY_BODY = YES;
				CLANG_WARN_ENUM_CONVERSION = YES;
				CLANG_WARN_INFINITE_RECURSION = YES;
				CLANG_WARN_INT_CONVERSION = YES;
				CLANG_WARN_OBJC_ROOT_CLASS = YES_ERROR;
				CLANG_WARN_SUSPICIOUS_MOVES = YES;
				CLANG_WARN_UNREACHABLE_CODE = YES;
				CLANG_WARN__DUPLICATE_METHOD_MATCH = YES;
				"CODE_SIGN_IDENTITY[sdk=iphoneos*]" = "iPhone Developer";
				COPY_PHASE_STRIP = NO;
				DEBUG_INFORMATION_FORMAT = "dwarf-with-dsym";
				ENABLE_NS_ASSERTIONS = NO;
				ENABLE_STRICT_OBJC_MSGSEND = YES;
				GCC_C_LANGUAGE_STANDARD = gnu99;
				GCC_NO_COMMON_BLOCKS = YES;
				GCC_WARN_64_TO_32_BIT_CONVERSION = YES;
				GCC_WARN_ABOUT_RETURN_TYPE = YES_ERROR;
				GCC_WARN_UNDECLARED_SELECTOR = YES;
				GCC_WARN_UNINITIALIZED_AUTOS = YES_AGGRESSIVE;
				GCC_WARN_UNUSED_FUNCTION = YES;
				GCC_WARN_UNUSED_VARIABLE = YES;
				IPHONEOS_DEPLOYMENT_TARGET = 10.0;
				MTL_ENABLE_DEBUG_INFO = NO;
				SDKROOT = iphoneos;
				SWIFT_OPTIMIZATION_LEVEL = "-Owholemodule";
				TARGETED_DEVICE_FAMILY = "1,2";
				VALIDATE_PRODUCT = YES;
			};
			name = Release;
		};
		BE29590B1E5E7F86005C58F0 /* Debug */ = {
			isa = XCBuildConfiguration;
			baseConfigurationReference = A432C707FE3486B0FA21581E /* Pods-ParseLab.debug.xcconfig */;
			buildSettings = {
				ASSETCATALOG_COMPILER_APPICON_NAME = AppIcon;
				INFOPLIST_FILE = ParseLab/Info.plist;
				LD_RUNPATH_SEARCH_PATHS = "$(inherited) @executable_path/Frameworks";
				PRODUCT_BUNDLE_IDENTIFIER = com.github.hlpostman.ParseLab;
				PRODUCT_NAME = "$(TARGET_NAME)";
				SWIFT_VERSION = 3.0;
			};
			name = Debug;
		};
		BE29590C1E5E7F86005C58F0 /* Release */ = {
			isa = XCBuildConfiguration;
			baseConfigurationReference = 0DB171E077BAD6EFCBA90E85 /* Pods-ParseLab.release.xcconfig */;
			buildSettings = {
				ASSETCATALOG_COMPILER_APPICON_NAME = AppIcon;
				INFOPLIST_FILE = ParseLab/Info.plist;
				LD_RUNPATH_SEARCH_PATHS = "$(inherited) @executable_path/Frameworks";
				PRODUCT_BUNDLE_IDENTIFIER = com.github.hlpostman.ParseLab;
				PRODUCT_NAME = "$(TARGET_NAME)";
				SWIFT_VERSION = 3.0;
			};
			name = Release;
		};
/* End XCBuildConfiguration section */

/* Begin XCConfigurationList section */
		BE2958F31E5E7F86005C58F0 /* Build configuration list for PBXProject "ParseLab" */ = {
			isa = XCConfigurationList;
			buildConfigurations = (
				BE2959081E5E7F86005C58F0 /* Debug */,
				BE2959091E5E7F86005C58F0 /* Release */,
			);
			defaultConfigurationIsVisible = 0;
			defaultConfigurationName = Release;
		};
		BE29590A1E5E7F86005C58F0 /* Build configuration list for PBXNativeTarget "ParseLab" */ = {
			isa = XCConfigurationList;
			buildConfigurations = (
				BE29590B1E5E7F86005C58F0 /* Debug */,
				BE29590C1E5E7F86005C58F0 /* Release */,
			);
			defaultConfigurationIsVisible = 0;
			defaultConfigurationName = Release;
		};
/* End XCConfigurationList section */
	};
	rootObject = BE2958F01E5E7F86005C58F0 /* Project object */;
}
